// !$*UTF8*$!
{
	archiveVersion = 1;
	classes = {
	};
	objectVersion = 56;
	objects = {

/* Begin PBXBuildFile section */
		FA28D8742B565C6A00E91BF8 /* AppDelegate.swift in Sources */ = {isa = PBXBuildFile; fileRef = FA28D8732B565C6A00E91BF8 /* AppDelegate.swift */; };
		FA28D8762B565C6A00E91BF8 /* SceneDelegate.swift in Sources */ = {isa = PBXBuildFile; fileRef = FA28D8752B565C6A00E91BF8 /* SceneDelegate.swift */; };
		FA28D87D2B565C6C00E91BF8 /* Assets.xcassets in Resources */ = {isa = PBXBuildFile; fileRef = FA28D87C2B565C6C00E91BF8 /* Assets.xcassets */; };
		FA28D8802B565C6C00E91BF8 /* LaunchScreen.storyboard in Resources */ = {isa = PBXBuildFile; fileRef = FA28D87E2B565C6C00E91BF8 /* LaunchScreen.storyboard */; };
		FA28D8882B5663D300E91BF8 /* SearchVC.swift in Sources */ = {isa = PBXBuildFile; fileRef = FA28D8872B5663D300E91BF8 /* SearchVC.swift */; };
		FA28D88A2B56642100E91BF8 /* FavoritesListVC.swift in Sources */ = {isa = PBXBuildFile; fileRef = FA28D8892B56642100E91BF8 /* FavoritesListVC.swift */; };
		FA28D88C2B566F7700E91BF8 /* GFButton.swift in Sources */ = {isa = PBXBuildFile; fileRef = FA28D88B2B566F7700E91BF8 /* GFButton.swift */; };
		FA28D88E2B5679E100E91BF8 /* GFTextField.swift in Sources */ = {isa = PBXBuildFile; fileRef = FA28D88D2B5679E100E91BF8 /* GFTextField.swift */; };
		FAA8CE4D2B56EBFC00A2E646 /* FollowerListVC.swift in Sources */ = {isa = PBXBuildFile; fileRef = FAA8CE4C2B56EBFC00A2E646 /* FollowerListVC.swift */; };
		FAB873E52B58E26E000496FB /* GFTitleLabel.swift in Sources */ = {isa = PBXBuildFile; fileRef = FAB873E42B58E26E000496FB /* GFTitleLabel.swift */; };
		FAB873E72B58E9AE000496FB /* GFBodyLabel.swift in Sources */ = {isa = PBXBuildFile; fileRef = FAB873E62B58E9AE000496FB /* GFBodyLabel.swift */; };
		FAB873E92B58EA66000496FB /* GFAlertVC.swift in Sources */ = {isa = PBXBuildFile; fileRef = FAB873E82B58EA66000496FB /* GFAlertVC.swift */; };
		FAB873EB2B58F2C0000496FB /* GFAlertContainerView.swift in Sources */ = {isa = PBXBuildFile; fileRef = FAB873EA2B58F2C0000496FB /* GFAlertContainerView.swift */; };
		FAB873ED2B58F772000496FB /* UIViewController+Ext.swift in Sources */ = {isa = PBXBuildFile; fileRef = FAB873EC2B58F772000496FB /* UIViewController+Ext.swift */; };
/* End PBXBuildFile section */

/* Begin PBXFileReference section */
		FA28D8702B565C6A00E91BF8 /* GitHubFollowers.app */ = {isa = PBXFileReference; explicitFileType = wrapper.application; includeInIndex = 0; path = GitHubFollowers.app; sourceTree = BUILT_PRODUCTS_DIR; };
		FA28D8732B565C6A00E91BF8 /* AppDelegate.swift */ = {isa = PBXFileReference; lastKnownFileType = sourcecode.swift; path = AppDelegate.swift; sourceTree = "<group>"; };
		FA28D8752B565C6A00E91BF8 /* SceneDelegate.swift */ = {isa = PBXFileReference; lastKnownFileType = sourcecode.swift; path = SceneDelegate.swift; sourceTree = "<group>"; };
		FA28D87C2B565C6C00E91BF8 /* Assets.xcassets */ = {isa = PBXFileReference; lastKnownFileType = folder.assetcatalog; path = Assets.xcassets; sourceTree = "<group>"; };
		FA28D87F2B565C6C00E91BF8 /* Base */ = {isa = PBXFileReference; lastKnownFileType = file.storyboard; name = Base; path = Base.lproj/LaunchScreen.storyboard; sourceTree = "<group>"; };
		FA28D8812B565C6C00E91BF8 /* Info.plist */ = {isa = PBXFileReference; lastKnownFileType = text.plist.xml; path = Info.plist; sourceTree = "<group>"; };
		FA28D8872B5663D300E91BF8 /* SearchVC.swift */ = {isa = PBXFileReference; lastKnownFileType = sourcecode.swift; path = SearchVC.swift; sourceTree = "<group>"; };
		FA28D8892B56642100E91BF8 /* FavoritesListVC.swift */ = {isa = PBXFileReference; lastKnownFileType = sourcecode.swift; path = FavoritesListVC.swift; sourceTree = "<group>"; };
		FA28D88B2B566F7700E91BF8 /* GFButton.swift */ = {isa = PBXFileReference; lastKnownFileType = sourcecode.swift; path = GFButton.swift; sourceTree = "<group>"; };
		FA28D88D2B5679E100E91BF8 /* GFTextField.swift */ = {isa = PBXFileReference; lastKnownFileType = sourcecode.swift; path = GFTextField.swift; sourceTree = "<group>"; };
		FAA8CE4C2B56EBFC00A2E646 /* FollowerListVC.swift */ = {isa = PBXFileReference; lastKnownFileType = sourcecode.swift; path = FollowerListVC.swift; sourceTree = "<group>"; };
		FAB873E42B58E26E000496FB /* GFTitleLabel.swift */ = {isa = PBXFileReference; lastKnownFileType = sourcecode.swift; path = GFTitleLabel.swift; sourceTree = "<group>"; };
		FAB873E62B58E9AE000496FB /* GFBodyLabel.swift */ = {isa = PBXFileReference; lastKnownFileType = sourcecode.swift; path = GFBodyLabel.swift; sourceTree = "<group>"; };
		FAB873E82B58EA66000496FB /* GFAlertVC.swift */ = {isa = PBXFileReference; lastKnownFileType = sourcecode.swift; path = GFAlertVC.swift; sourceTree = "<group>"; };
		FAB873EA2B58F2C0000496FB /* GFAlertContainerView.swift */ = {isa = PBXFileReference; lastKnownFileType = sourcecode.swift; path = GFAlertContainerView.swift; sourceTree = "<group>"; };
		FAB873EC2B58F772000496FB /* UIViewController+Ext.swift */ = {isa = PBXFileReference; lastKnownFileType = sourcecode.swift; path = "UIViewController+Ext.swift"; sourceTree = "<group>"; };
/* End PBXFileReference section */

/* Begin PBXFrameworksBuildPhase section */
		FA28D86D2B565C6A00E91BF8 /* Frameworks */ = {
			isa = PBXFrameworksBuildPhase;
			buildActionMask = 2147483647;
			files = (
			);
			runOnlyForDeploymentPostprocessing = 0;
		};
/* End PBXFrameworksBuildPhase section */

/* Begin PBXGroup section */
		FA1792402B60D8F70056F9D6 /* Support */ = {
			isa = PBXGroup;
			children = (
				FA28D8732B565C6A00E91BF8 /* AppDelegate.swift */,
				FA28D8752B565C6A00E91BF8 /* SceneDelegate.swift */,
				FA28D87C2B565C6C00E91BF8 /* Assets.xcassets */,
				FA28D87E2B565C6C00E91BF8 /* LaunchScreen.storyboard */,
				FA28D8812B565C6C00E91BF8 /* Info.plist */,
			);
			path = Support;
			sourceTree = "<group>";
		};
		FA1792412B60D9060056F9D6 /* Screens */ = {
			isa = PBXGroup;
			children = (
				FAA8CE4C2B56EBFC00A2E646 /* FollowerListVC.swift */,
				FA28D8872B5663D300E91BF8 /* SearchVC.swift */,
				FA28D8892B56642100E91BF8 /* FavoritesListVC.swift */,
			);
			path = Screens;
			sourceTree = "<group>";
		};
		FA1792422B60D90E0056F9D6 /* CustomViews */ = {
			isa = PBXGroup;
			children = (
				FA28D88B2B566F7700E91BF8 /* GFButton.swift */,
				FA28D88D2B5679E100E91BF8 /* GFTextField.swift */,
				FAB873E42B58E26E000496FB /* GFTitleLabel.swift */,
				FAB873E62B58E9AE000496FB /* GFBodyLabel.swift */,
				FAB873EA2B58F2C0000496FB /* GFAlertContainerView.swift */,
				FAB873E82B58EA66000496FB /* GFAlertVC.swift */,
			);
			path = CustomViews;
			sourceTree = "<group>";
		};
		FA1792432B60D9160056F9D6 /* Extensions */ = {
			isa = PBXGroup;
			children = (
				FAB873EC2B58F772000496FB /* UIViewController+Ext.swift */,
			);
			path = Extensions;
			sourceTree = "<group>";
		};
		FA28D8672B565C6A00E91BF8 = {
			isa = PBXGroup;
			children = (
				FA28D8722B565C6A00E91BF8 /* GitHubFollowers */,
				FA28D8712B565C6A00E91BF8 /* Products */,
			);
			sourceTree = "<group>";
		};
		FA28D8712B565C6A00E91BF8 /* Products */ = {
			isa = PBXGroup;
			children = (
				FA28D8702B565C6A00E91BF8 /* GitHubFollowers.app */,
			);
			name = Products;
			sourceTree = "<group>";
		};
		FA28D8722B565C6A00E91BF8 /* GitHubFollowers */ = {
			isa = PBXGroup;
			children = (
				FA1792432B60D9160056F9D6 /* Extensions */,
				FA1792422B60D90E0056F9D6 /* CustomViews */,
				FA1792412B60D9060056F9D6 /* Screens */,
				FA1792402B60D8F70056F9D6 /* Support */,
			);
			path = GitHubFollowers;
			sourceTree = "<group>";
		};
/* End PBXGroup section */

/* Begin PBXNativeTarget section */
		FA28D86F2B565C6A00E91BF8 /* GitHubFollowers */ = {
			isa = PBXNativeTarget;
			buildConfigurationList = FA28D8842B565C6C00E91BF8 /* Build configuration list for PBXNativeTarget "GitHubFollowers" */;
			buildPhases = (
				FA28D86C2B565C6A00E91BF8 /* Sources */,
				FA28D86D2B565C6A00E91BF8 /* Frameworks */,
				FA28D86E2B565C6A00E91BF8 /* Resources */,
			);
			buildRules = (
			);
			dependencies = (
			);
			name = GitHubFollowers;
			productName = GitHubFollowers;
			productReference = FA28D8702B565C6A00E91BF8 /* GitHubFollowers.app */;
			productType = "com.apple.product-type.application";
		};
/* End PBXNativeTarget section */

/* Begin PBXProject section */
		FA28D8682B565C6A00E91BF8 /* Project object */ = {
			isa = PBXProject;
			attributes = {
				BuildIndependentTargetsInParallel = 1;
				LastSwiftUpdateCheck = 1420;
				LastUpgradeCheck = 1420;
				TargetAttributes = {
					FA28D86F2B565C6A00E91BF8 = {
						CreatedOnToolsVersion = 14.2;
					};
				};
			};
			buildConfigurationList = FA28D86B2B565C6A00E91BF8 /* Build configuration list for PBXProject "GitHubFollowers" */;
			compatibilityVersion = "Xcode 14.0";
			developmentRegion = en;
			hasScannedForEncodings = 0;
			knownRegions = (
				en,
				Base,
			);
			mainGroup = FA28D8672B565C6A00E91BF8;
			productRefGroup = FA28D8712B565C6A00E91BF8 /* Products */;
			projectDirPath = "";
			projectRoot = "";
			targets = (
				FA28D86F2B565C6A00E91BF8 /* GitHubFollowers */,
			);
		};
/* End PBXProject section */

/* Begin PBXResourcesBuildPhase section */
		FA28D86E2B565C6A00E91BF8 /* Resources */ = {
			isa = PBXResourcesBuildPhase;
			buildActionMask = 2147483647;
			files = (
				FA28D8802B565C6C00E91BF8 /* LaunchScreen.storyboard in Resources */,
				FA28D87D2B565C6C00E91BF8 /* Assets.xcassets in Resources */,
			);
			runOnlyForDeploymentPostprocessing = 0;
		};
/* End PBXResourcesBuildPhase section */

/* Begin PBXSourcesBuildPhase section */
		FA28D86C2B565C6A00E91BF8 /* Sources */ = {
			isa = PBXSourcesBuildPhase;
			buildActionMask = 2147483647;
			files = (
				FA28D88E2B5679E100E91BF8 /* GFTextField.swift in Sources */,
				FA28D88A2B56642100E91BF8 /* FavoritesListVC.swift in Sources */,
				FAB873ED2B58F772000496FB /* UIViewController+Ext.swift in Sources */,
				FA28D88C2B566F7700E91BF8 /* GFButton.swift in Sources */,
				FA28D8882B5663D300E91BF8 /* SearchVC.swift in Sources */,
				FAB873E92B58EA66000496FB /* GFAlertVC.swift in Sources */,
				FAB873E72B58E9AE000496FB /* GFBodyLabel.swift in Sources */,
				FAB873E52B58E26E000496FB /* GFTitleLabel.swift in Sources */,
				FAA8CE4D2B56EBFC00A2E646 /* FollowerListVC.swift in Sources */,
				FA28D8742B565C6A00E91BF8 /* AppDelegate.swift in Sources */,
				FA28D8762B565C6A00E91BF8 /* SceneDelegate.swift in Sources */,
				FAB873EB2B58F2C0000496FB /* GFAlertContainerView.swift in Sources */,
			);
			runOnlyForDeploymentPostprocessing = 0;
		};
/* End PBXSourcesBuildPhase section */

/* Begin PBXVariantGroup section */
		FA28D87E2B565C6C00E91BF8 /* LaunchScreen.storyboard */ = {
			isa = PBXVariantGroup;
			children = (
				FA28D87F2B565C6C00E91BF8 /* Base */,
			);
			name = LaunchScreen.storyboard;
			sourceTree = "<group>";
		};
/* End PBXVariantGroup section */

/* Begin XCBuildConfiguration section */
		FA28D8822B565C6C00E91BF8 /* Debug */ = {
			isa = XCBuildConfiguration;
			buildSettings = {
				ALWAYS_SEARCH_USER_PATHS = NO;
				CLANG_ANALYZER_NONNULL = YES;
				CLANG_ANALYZER_NUMBER_OBJECT_CONVERSION = YES_AGGRESSIVE;
				CLANG_CXX_LANGUAGE_STANDARD = "gnu++20";
				CLANG_ENABLE_MODULES = YES;
				CLANG_ENABLE_OBJC_ARC = YES;
				CLANG_ENABLE_OBJC_WEAK = YES;
				CLANG_WARN_BLOCK_CAPTURE_AUTORELEASING = YES;
				CLANG_WARN_BOOL_CONVERSION = YES;
				CLANG_WARN_COMMA = YES;
				CLANG_WARN_CONSTANT_CONVERSION = YES;
				CLANG_WARN_DEPRECATED_OBJC_IMPLEMENTATIONS = YES;
				CLANG_WARN_DIRECT_OBJC_ISA_USAGE = YES_ERROR;
				CLANG_WARN_DOCUMENTATION_COMMENTS = YES;
				CLANG_WARN_EMPTY_BODY = YES;
				CLANG_WARN_ENUM_CONVERSION = YES;
				CLANG_WARN_INFINITE_RECURSION = YES;
				CLANG_WARN_INT_CONVERSION = YES;
				CLANG_WARN_NON_LITERAL_NULL_CONVERSION = YES;
				CLANG_WARN_OBJC_IMPLICIT_RETAIN_SELF = YES;
				CLANG_WARN_OBJC_LITERAL_CONVERSION = YES;
				CLANG_WARN_OBJC_ROOT_CLASS = YES_ERROR;
				CLANG_WARN_QUOTED_INCLUDE_IN_FRAMEWORK_HEADER = YES;
				CLANG_WARN_RANGE_LOOP_ANALYSIS = YES;
				CLANG_WARN_STRICT_PROTOTYPES = YES;
				CLANG_WARN_SUSPICIOUS_MOVE = YES;
				CLANG_WARN_UNGUARDED_AVAILABILITY = YES_AGGRESSIVE;
				CLANG_WARN_UNREACHABLE_CODE = YES;
				CLANG_WARN__DUPLICATE_METHOD_MATCH = YES;
				COPY_PHASE_STRIP = NO;
				DEBUG_INFORMATION_FORMAT = dwarf;
				ENABLE_STRICT_OBJC_MSGSEND = YES;
				ENABLE_TESTABILITY = YES;
				GCC_C_LANGUAGE_STANDARD = gnu11;
				GCC_DYNAMIC_NO_PIC = NO;
				GCC_NO_COMMON_BLOCKS = YES;
				GCC_OPTIMIZATION_LEVEL = 0;
				GCC_PREPROCESSOR_DEFINITIONS = (
					"DEBUG=1",
					"$(inherited)",
				);
				GCC_WARN_64_TO_32_BIT_CONVERSION = YES;
				GCC_WARN_ABOUT_RETURN_TYPE = YES_ERROR;
				GCC_WARN_UNDECLARED_SELECTOR = YES;
				GCC_WARN_UNINITIALIZED_AUTOS = YES_AGGRESSIVE;
				GCC_WARN_UNUSED_FUNCTION = YES;
				GCC_WARN_UNUSED_VARIABLE = YES;
				IPHONEOS_DEPLOYMENT_TARGET = 16.2;
				MTL_ENABLE_DEBUG_INFO = INCLUDE_SOURCE;
				MTL_FAST_MATH = YES;
				ONLY_ACTIVE_ARCH = YES;
				SDKROOT = iphoneos;
				SWIFT_ACTIVE_COMPILATION_CONDITIONS = DEBUG;
				SWIFT_OPTIMIZATION_LEVEL = "-Onone";
			};
			name = Debug;
		};
		FA28D8832B565C6C00E91BF8 /* Release */ = {
			isa = XCBuildConfiguration;
			buildSettings = {
				ALWAYS_SEARCH_USER_PATHS = NO;
				CLANG_ANALYZER_NONNULL = YES;
				CLANG_ANALYZER_NUMBER_OBJECT_CONVERSION = YES_AGGRESSIVE;
				CLANG_CXX_LANGUAGE_STANDARD = "gnu++20";
				CLANG_ENABLE_MODULES = YES;
				CLANG_ENABLE_OBJC_ARC = YES;
				CLANG_ENABLE_OBJC_WEAK = YES;
				CLANG_WARN_BLOCK_CAPTURE_AUTORELEASING = YES;
				CLANG_WARN_BOOL_CONVERSION = YES;
				CLANG_WARN_COMMA = YES;
				CLANG_WARN_CONSTANT_CONVERSION = YES;
				CLANG_WARN_DEPRECATED_OBJC_IMPLEMENTATIONS = YES;
				CLANG_WARN_DIRECT_OBJC_ISA_USAGE = YES_ERROR;
				CLANG_WARN_DOCUMENTATION_COMMENTS = YES;
				CLANG_WARN_EMPTY_BODY = YES;
				CLANG_WARN_ENUM_CONVERSION = YES;
				CLANG_WARN_INFINITE_RECURSION = YES;
				CLANG_WARN_INT_CONVERSION = YES;
				CLANG_WARN_NON_LITERAL_NULL_CONVERSION = YES;
				CLANG_WARN_OBJC_IMPLICIT_RETAIN_SELF = YES;
				CLANG_WARN_OBJC_LITERAL_CONVERSION = YES;
				CLANG_WARN_OBJC_ROOT_CLASS = YES_ERROR;
				CLANG_WARN_QUOTED_INCLUDE_IN_FRAMEWORK_HEADER = YES;
				CLANG_WARN_RANGE_LOOP_ANALYSIS = YES;
				CLANG_WARN_STRICT_PROTOTYPES = YES;
				CLANG_WARN_SUSPICIOUS_MOVE = YES;
				CLANG_WARN_UNGUARDED_AVAILABILITY = YES_AGGRESSIVE;
				CLANG_WARN_UNREACHABLE_CODE = YES;
				CLANG_WARN__DUPLICATE_METHOD_MATCH = YES;
				COPY_PHASE_STRIP = NO;
				DEBUG_INFORMATION_FORMAT = "dwarf-with-dsym";
				ENABLE_NS_ASSERTIONS = NO;
				ENABLE_STRICT_OBJC_MSGSEND = YES;
				GCC_C_LANGUAGE_STANDARD = gnu11;
				GCC_NO_COMMON_BLOCKS = YES;
				GCC_WARN_64_TO_32_BIT_CONVERSION = YES;
				GCC_WARN_ABOUT_RETURN_TYPE = YES_ERROR;
				GCC_WARN_UNDECLARED_SELECTOR = YES;
				GCC_WARN_UNINITIALIZED_AUTOS = YES_AGGRESSIVE;
				GCC_WARN_UNUSED_FUNCTION = YES;
				GCC_WARN_UNUSED_VARIABLE = YES;
				IPHONEOS_DEPLOYMENT_TARGET = 16.2;
				MTL_ENABLE_DEBUG_INFO = NO;
				MTL_FAST_MATH = YES;
				SDKROOT = iphoneos;
				SWIFT_COMPILATION_MODE = wholemodule;
				SWIFT_OPTIMIZATION_LEVEL = "-O";
				VALIDATE_PRODUCT = YES;
			};
			name = Release;
		};
		FA28D8852B565C6C00E91BF8 /* Debug */ = {
			isa = XCBuildConfiguration;
			buildSettings = {
				ASSETCATALOG_COMPILER_APPICON_NAME = AppIcon;
				ASSETCATALOG_COMPILER_GLOBAL_ACCENT_COLOR_NAME = AccentColor;
				CODE_SIGN_STYLE = Automatic;
				CURRENT_PROJECT_VERSION = 1;
				DEVELOPMENT_TEAM = T8B4RZKP3U;
				GENERATE_INFOPLIST_FILE = YES;
				INFOPLIST_FILE = GitHubFollowers/Support/Info.plist;
				INFOPLIST_KEY_UIApplicationSupportsIndirectInputEvents = YES;
				INFOPLIST_KEY_UILaunchStoryboardName = LaunchScreen;
				INFOPLIST_KEY_UIMainStoryboardFile = "";
				INFOPLIST_KEY_UISupportedInterfaceOrientations = UIInterfaceOrientationPortrait;
				INFOPLIST_KEY_UISupportedInterfaceOrientations_iPad = "UIInterfaceOrientationLandscapeLeft UIInterfaceOrientationLandscapeRight UIInterfaceOrientationPortrait UIInterfaceOrientationPortraitUpsideDown";
				IPHONEOS_DEPLOYMENT_TARGET = 14.0;
				LD_RUNPATH_SEARCH_PATHS = (
					"$(inherited)",
					"@executable_path/Frameworks",
				);
				MARKETING_VERSION = 1.0;
				PRODUCT_BUNDLE_IDENTIFIER = mutluclkn.GitHubFollowers;
				PRODUCT_NAME = "$(TARGET_NAME)";
				SUPPORTED_PLATFORMS = "iphoneos iphonesimulator";
				SUPPORTS_MACCATALYST = NO;
				SUPPORTS_MAC_DESIGNED_FOR_IPHONE_IPAD = NO;
				SWIFT_EMIT_LOC_STRINGS = YES;
				SWIFT_VERSION = 5.0;
				TARGETED_DEVICE_FAMILY = 1;
			};
			name = Debug;
		};
		FA28D8862B565C6C00E91BF8 /* Release */ = {
			isa = XCBuildConfiguration;
			buildSettings = {
				ASSETCATALOG_COMPILER_APPICON_NAME = AppIcon;
				ASSETCATALOG_COMPILER_GLOBAL_ACCENT_COLOR_NAME = AccentColor;
				CODE_SIGN_STYLE = Automatic;
				CURRENT_PROJECT_VERSION = 1;
				DEVELOPMENT_TEAM = T8B4RZKP3U;
				GENERATE_INFOPLIST_FILE = YES;
				INFOPLIST_FILE = GitHubFollowers/Support/Info.plist;
				INFOPLIST_KEY_UIApplicationSupportsIndirectInputEvents = YES;
				INFOPLIST_KEY_UILaunchStoryboardName = LaunchScreen;
				INFOPLIST_KEY_UIMainStoryboardFile = "";
				INFOPLIST_KEY_UISupportedInterfaceOrientations = UIInterfaceOrientationPortrait;
				INFOPLIST_KEY_UISupportedInterfaceOrientations_iPad = "UIInterfaceOrientationLandscapeLeft UIInterfaceOrientationLandscapeRight UIInterfaceOrientationPortrait UIInterfaceOrientationPortraitUpsideDown";
				IPHONEOS_DEPLOYMENT_TARGET = 14.0;
				LD_RUNPATH_SEARCH_PATHS = (
					"$(inherited)",
					"@executable_path/Frameworks",
				);
				MARKETING_VERSION = 1.0;
				PRODUCT_BUNDLE_IDENTIFIER = mutluclkn.GitHubFollowers;
				PRODUCT_NAME = "$(TARGET_NAME)";
				SUPPORTED_PLATFORMS = "iphoneos iphonesimulator";
				SUPPORTS_MACCATALYST = NO;
				SUPPORTS_MAC_DESIGNED_FOR_IPHONE_IPAD = NO;
				SWIFT_EMIT_LOC_STRINGS = YES;
				SWIFT_VERSION = 5.0;
				TARGETED_DEVICE_FAMILY = 1;
			};
			name = Release;
		};
/* End XCBuildConfiguration section */

/* Begin XCConfigurationList section */
		FA28D86B2B565C6A00E91BF8 /* Build configuration list for PBXProject "GitHubFollowers" */ = {
			isa = XCConfigurationList;
			buildConfigurations = (
				FA28D8822B565C6C00E91BF8 /* Debug */,
				FA28D8832B565C6C00E91BF8 /* Release */,
			);
			defaultConfigurationIsVisible = 0;
			defaultConfigurationName = Release;
		};
		FA28D8842B565C6C00E91BF8 /* Build configuration list for PBXNativeTarget "GitHubFollowers" */ = {
			isa = XCConfigurationList;
			buildConfigurations = (
				FA28D8852B565C6C00E91BF8 /* Debug */,
				FA28D8862B565C6C00E91BF8 /* Release */,
			);
			defaultConfigurationIsVisible = 0;
			defaultConfigurationName = Release;
		};
/* End XCConfigurationList section */
	};
	rootObject = FA28D8682B565C6A00E91BF8 /* Project object */;
}
